
Microsoft Visual Studio Solution File, Format Version 12.00
# Visual Studio Version 17
VisualStudioVersion = 17.13.35913.81 d17.13
MinimumVisualStudioVersion = 10.0.40219.1
Project("{FAE04EC0-301F-11D3-BF4B-00C04F79EFBC}") = "Day18", "Day18\Day18.csproj", "{50018980-A02E-4414-8DF1-E1664055486B}"
EndProject
Global
	GlobalSection(SolutionConfigurationPlatforms) = preSolution
		Debug|Any CPU = Debug|Any CPU
		Release|Any CPU = Release|Any CPU
	EndGlobalSection
	GlobalSection(ProjectConfigurationPlatforms) = postSolution
		{50018980-A02E-4414-8DF1-E1664055486B}.Debug|Any CPU.ActiveCfg = Debug|Any CPU
		{50018980-A02E-4414-8DF1-E1664055486B}.Debug|Any CPU.Build.0 = Debug|Any CPU
		{50018980-A02E-4414-8DF1-E1664055486B}.Release|Any CPU.ActiveCfg = Release|Any CPU
		{50018980-A02E-4414-8DF1-E1664055486B}.Release|Any CPU.Build.0 = Release|Any CPU
	EndGlobalSection
	GlobalSection(SolutionProperties) = preSolution
		HideSolutionNode = FALSE
	EndGlobalSection
	GlobalSection(ExtensibilityGlobals) = postSolution
		SolutionGuid = {F97D3699-28C9-4D6E-8C57-FE60956DAA3C}
	EndGlobalSection
EndGlobal
